
Microsoft Visual Studio Solution File, Format Version 12.00
# Visual Studio Version 16
VisualStudioVersion = 16.0.30517.126
MinimumVisualStudioVersion = 10.0.40219.1
Project("{FAE04EC0-301F-11D3-BF4B-00C04F79EFBC}") = "Harshil_WebMobi", "Harshil_WebMobi\Harshil_WebMobi.csproj", "{EF38620C-C8F8-4871-ACA7-66B7D0ECE435}"
EndProject
Global
	GlobalSection(SolutionConfigurationPlatforms) = preSolution
		Debug|Any CPU = Debug|Any CPU
		Release|Any CPU = Release|Any CPU
	EndGlobalSection
	GlobalSection(ProjectConfigurationPlatforms) = postSolution
		{EF38620C-C8F8-4871-ACA7-66B7D0ECE435}.Debug|Any CPU.ActiveCfg = Debug|Any CPU
		{EF38620C-C8F8-4871-ACA7-66B7D0ECE435}.Debug|Any CPU.Build.0 = Debug|Any CPU
		{EF38620C-C8F8-4871-ACA7-66B7D0ECE435}.Release|Any CPU.ActiveCfg = Release|Any CPU
		{EF38620C-C8F8-4871-ACA7-66B7D0ECE435}.Release|Any CPU.Build.0 = Release|Any CPU
	EndGlobalSection
	GlobalSection(SolutionProperties) = preSolution
		HideSolutionNode = FALSE
	EndGlobalSection
	GlobalSection(ExtensibilityGlobals) = postSolution
		SolutionGuid = {C9E363FD-DE42-4E71-B07B-F3C7C6CEE11A}
	EndGlobalSection
EndGlobal
